# THIS IS AN AUTOGENERATED FILE. DO NOT EDIT THIS FILE DIRECTLY.
# yarn lockfile v1


"@babel/code-frame@^7.10.4":
  version "7.12.13"
  resolved "https://registry.yarnpkg.com/@babel/code-frame/-/code-frame-7.12.13.tgz#dcfc826beef65e75c50e21d3837d7d95798dd658"
  integrity sha512-HV1Cm0Q3ZrpCR93tkWOYiuYIgLxZXZFVG2VgK+MBWjUqZTundupbfx2aXarXuw5Ko5aMcjtJgbSs4vUGBS5v6g==
  dependencies:
    "@babel/highlight" "^7.12.13"

"@babel/helper-validator-identifier@^7.12.11":
  version "7.12.11"
  resolved "https://registry.yarnpkg.com/@babel/helper-validator-identifier/-/helper-validator-identifier-7.12.11.tgz#c9a1f021917dcb5ccf0d4e453e399022981fc9ed"
  integrity sha512-np/lG3uARFybkoHokJUmf1QfEvRVCPbmQeUQpKow5cQ3xWrV9i3rUHodKDJPQfTVX61qKi+UdYk8kik84n7XOw==

"@babel/highlight@^7.12.13":
  version "7.13.8"
  resolved "https://registry.yarnpkg.com/@babel/highlight/-/highlight-7.13.8.tgz#10b2dac78526424dfc1f47650d0e415dfd9dc481"
  integrity sha512-4vrIhfJyfNf+lCtXC2ck1rKSzDwciqF7IWFhXXrSOUC2O5DrVp+w4c6ed4AllTxhTkUP5x2tYj41VaxdVMMRDw==
  dependencies:
    "@babel/helper-validator-identifier" "^7.12.11"
    chalk "^2.0.0"
    js-tokens "^4.0.0"

"@babel/runtime-corejs3@^7.10.2":
  version "7.27.0"
  resolved "https://registry.yarnpkg.com/@babel/runtime-corejs3/-/runtime-corejs3-7.27.0.tgz#c766df350ec7a2caf3ed64e3659b100954589413"
  integrity sha512-UWjX6t+v+0ckwZ50Y5ShZLnlk95pP5MyW/pon9tiYzl3+18pkTHTFNTKr7rQbfRXPkowt2QAn30o1b6oswszew==
  dependencies:
    core-js-pure "^3.30.2"
    regenerator-runtime "^0.14.0"

"@babel/runtime@^7.10.2", "@babel/runtime@^7.10.3", "@babel/runtime@^7.12.5", "@babel/runtime@^7.9.2":
  version "7.27.0"
  resolved "https://registry.yarnpkg.com/@babel/runtime/-/runtime-7.27.0.tgz#fbee7cf97c709518ecc1f590984481d5460d4762"
  integrity sha512-VtPOkrdPHZsKc/clNqyi9WUA8TINkZ4cGk63UUE3u4pmB2k+ZMQRDuIOagv8UVd6j7k0T3+RRIb7beKTebNbcw==
  dependencies:
    regenerator-runtime "^0.14.0"

"@jest/types@^26.6.2":
  version "26.6.2"
  resolved "https://registry.yarnpkg.com/@jest/types/-/types-26.6.2.tgz#bef5a532030e1d88a2f5a6d933f84e97226ed48e"
  integrity sha512-fC6QCp7Sc5sX6g8Tvbmj4XUTbyrik0akgRy03yjXbQaBWWNWGE7SGtJk98m0N8nzegD/7SggrUlivxo5ax4KWQ==
  dependencies:
    "@types/istanbul-lib-coverage" "^2.0.0"
    "@types/istanbul-reports" "^3.0.0"
    "@types/node" "*"
    "@types/yargs" "^15.0.0"
    chalk "^4.0.0"

"@next/env@14.2.26":
  version "14.2.26"
  resolved "https://registry.yarnpkg.com/@next/env/-/env-14.2.26.tgz#5d55f72d2edb7246607c78f61e7d3ff21516bc2e"
  integrity sha512-vO//GJ/YBco+H7xdQhzJxF7ub3SUwft76jwaeOyVVQFHCi5DCnkP16WHB+JBylo4vOKPoZBlR94Z8xBxNBdNJA==

"@next/swc-darwin-arm64@14.2.26":
  version "14.2.26"
  resolved "https://registry.yarnpkg.com/@next/swc-darwin-arm64/-/swc-darwin-arm64-14.2.26.tgz#84b31a22149b2c49f5c5b29cddd7acb3a84d7e1c"
  integrity sha512-zDJY8gsKEseGAxG+C2hTMT0w9Nk9N1Sk1qV7vXYz9MEiyRoF5ogQX2+vplyUMIfygnjn9/A04I6yrUTRTuRiyQ==

"@next/swc-darwin-x64@14.2.26":
  version "14.2.26"
  resolved "https://registry.yarnpkg.com/@next/swc-darwin-x64/-/swc-darwin-x64-14.2.26.tgz#50a5eb37972d313951f76f36f1f0b7100d063ebd"
  integrity sha512-U0adH5ryLfmTDkahLwG9sUQG2L0a9rYux8crQeC92rPhi3jGQEY47nByQHrVrt3prZigadwj/2HZ1LUUimuSbg==

"@next/swc-linux-arm64-gnu@14.2.26":
  version "14.2.26"
  resolved "https://registry.yarnpkg.com/@next/swc-linux-arm64-gnu/-/swc-linux-arm64-gnu-14.2.26.tgz#c4278c157623b05886e37ff17194811aca1c2d00"
  integrity sha512-SINMl1I7UhfHGM7SoRiw0AbwnLEMUnJ/3XXVmhyptzriHbWvPPbbm0OEVG24uUKhuS1t0nvN/DBvm5kz6ZIqpg==

"@next/swc-linux-arm64-musl@14.2.26":
  version "14.2.26"
  resolved "https://registry.yarnpkg.com/@next/swc-linux-arm64-musl/-/swc-linux-arm64-musl-14.2.26.tgz#5751132764b7a1f13a5a3fe447b03d564eb29705"
  integrity sha512-s6JaezoyJK2DxrwHWxLWtJKlqKqTdi/zaYigDXUJ/gmx/72CrzdVZfMvUc6VqnZ7YEvRijvYo+0o4Z9DencduA==

"@next/swc-linux-x64-gnu@14.2.26":
  version "14.2.26"
  resolved "https://registry.yarnpkg.com/@next/swc-linux-x64-gnu/-/swc-linux-x64-gnu-14.2.26.tgz#74312cac45704762faa73e0880be6549027303af"
  integrity sha512-FEXeUQi8/pLr/XI0hKbe0tgbLmHFRhgXOUiPScz2hk0hSmbGiU8aUqVslj/6C6KA38RzXnWoJXo4FMo6aBxjzg==

"@next/swc-linux-x64-musl@14.2.26":
  version "14.2.26"
  resolved "https://registry.yarnpkg.com/@next/swc-linux-x64-musl/-/swc-linux-x64-musl-14.2.26.tgz#5d96464d71d2000ec704e650a1a86bb9d73f760d"
  integrity sha512-BUsomaO4d2DuXhXhgQCVt2jjX4B4/Thts8nDoIruEJkhE5ifeQFtvW5c9JkdOtYvE5p2G0hcwQ0UbRaQmQwaVg==

"@next/swc-win32-arm64-msvc@14.2.26":
  version "14.2.26"
  resolved "https://registry.yarnpkg.com/@next/swc-win32-arm64-msvc/-/swc-win32-arm64-msvc-14.2.26.tgz#859472b532b11499b8f5c2237f54401456286913"
  integrity sha512-5auwsMVzT7wbB2CZXQxDctpWbdEnEW/e66DyXO1DcgHxIyhP06awu+rHKshZE+lPLIGiwtjo7bsyeuubewwxMw==

"@next/swc-win32-ia32-msvc@14.2.26":
  version "14.2.26"
  resolved "https://registry.yarnpkg.com/@next/swc-win32-ia32-msvc/-/swc-win32-ia32-msvc-14.2.26.tgz#e52e9bd0c43b7a469b03eda6d7a07c3d0c28f549"
  integrity sha512-GQWg/Vbz9zUGi9X80lOeGsz1rMH/MtFO/XqigDznhhhTfDlDoynCM6982mPCbSlxJ/aveZcKtTlwfAjwhyxDpg==

"@next/swc-win32-x64-msvc@14.2.26":
  version "14.2.26"
  resolved "https://registry.yarnpkg.com/@next/swc-win32-x64-msvc/-/swc-win32-x64-msvc-14.2.26.tgz#6f42a3ae16ae15c5c5e36efa9b7e291c86ab1275"
  integrity sha512-2rdB3T1/Gp7bv1eQTTm9d1Y1sv9UuJ2LAwOE0Pe2prHKe32UNscj7YS13fRB37d0GAiGNR+Y7ZcW8YjDI8Ns0w==

"@swc/counter@^0.1.3":
  version "0.1.3"
  resolved "https://registry.yarnpkg.com/@swc/counter/-/counter-0.1.3.tgz#cc7463bd02949611c6329596fccd2b0ec782b0e9"
  integrity sha512-e2BR4lsJkkRlKZ/qCHPw9ZaSxc0MVUd7gtbtaB7aMvHeJVYe8sOB8DBZkP2DtISHGSku9sCK6T6cnY0CtXrOCQ==

"@swc/helpers@0.5.5":
  version "0.5.5"
  resolved "https://registry.yarnpkg.com/@swc/helpers/-/helpers-0.5.5.tgz#12689df71bfc9b21c4f4ca00ae55f2f16c8b77c0"
  integrity sha512-KGYxvIOXcceOAbEk4bi/dVLEK9z8sZ0uBB3Il5b1rhfClSpcX0yfRO0KmTkqR2cnQDymwLB+25ZyMzICg/cm/A==
  dependencies:
    "@swc/counter" "^0.1.3"
    tslib "^2.4.0"

"@testing-library/dom@^7.22.3":
  version "7.29.6"
  resolved "https://registry.yarnpkg.com/@testing-library/dom/-/dom-7.29.6.tgz#eb37844fb431186db7960a7ff6749ea65a19617c"
  integrity sha512-vzTsAXa439ptdvav/4lsKRcGpAQX7b6wBIqia7+iNzqGJ5zjswApxA6jDAsexrc6ue9krWcbh8o+LYkBXW+GCQ==
  dependencies:
    "@babel/code-frame" "^7.10.4"
    "@babel/runtime" "^7.12.5"
    "@types/aria-query" "^4.2.0"
    aria-query "^4.2.2"
    chalk "^4.1.0"
    dom-accessibility-api "^0.5.4"
    lz-string "^1.4.4"
    pretty-format "^26.6.2"

"@testing-library/jest-dom@^5.5.0":
  version "5.11.9"
  resolved "https://registry.yarnpkg.com/@testing-library/jest-dom/-/jest-dom-5.11.9.tgz#e6b3cd687021f89f261bd53cbe367041fbd3e975"
  integrity sha512-Mn2gnA9d1wStlAIT2NU8J15LNob0YFBVjs2aEQ3j8rsfRQo+lAs7/ui1i2TGaJjapLmuNPLTsrm+nPjmZDwpcQ==
  dependencies:
    "@babel/runtime" "^7.9.2"
    "@types/testing-library__jest-dom" "^5.9.1"
    aria-query "^4.2.2"
    chalk "^3.0.0"
    css "^3.0.0"
    css.escape "^1.5.1"
    lodash "^4.17.15"
    redent "^3.0.0"

"@testing-library/react@^10.0.2":
  version "10.4.9"
  resolved "https://registry.yarnpkg.com/@testing-library/react/-/react-10.4.9.tgz#9faa29c6a1a217bf8bbb96a28bd29d7a847ca150"
  integrity sha512-pHZKkqUy0tmiD81afs8xfiuseXfU/N7rAX3iKjeZYje86t9VaB0LrxYVa+OOsvkrveX5jCK3IjajVn2MbePvqA==
  dependencies:
    "@babel/runtime" "^7.10.3"
    "@testing-library/dom" "^7.22.3"

"@types/aria-query@^4.2.0":
  version "4.2.1"
  resolved "https://registry.yarnpkg.com/@types/aria-query/-/aria-query-4.2.1.tgz#78b5433344e2f92e8b306c06a5622c50c245bf6b"
  integrity sha512-S6oPal772qJZHoRZLFc/XoZW2gFvwXusYUmXPXkgxJLuEk2vOt7jc4Yo6z/vtI0EBkbPBVrJJ0B+prLIKiWqHg==

"@types/istanbul-lib-coverage@*", "@types/istanbul-lib-coverage@^2.0.0":
  version "2.0.3"
  resolved "https://registry.yarnpkg.com/@types/istanbul-lib-coverage/-/istanbul-lib-coverage-2.0.3.tgz#4ba8ddb720221f432e443bd5f9117fd22cfd4762"
  integrity sha512-sz7iLqvVUg1gIedBOvlkxPlc8/uVzyS5OwGz1cKjXzkl3FpL3al0crU8YGU1WoHkxn0Wxbw5tyi6hvzJKNzFsw==

"@types/istanbul-lib-report@*":
  version "3.0.0"
  resolved "https://registry.yarnpkg.com/@types/istanbul-lib-report/-/istanbul-lib-report-3.0.0.tgz#c14c24f18ea8190c118ee7562b7ff99a36552686"
  integrity sha512-plGgXAPfVKFoYfa9NpYDAkseG+g6Jr294RqeqcqDixSbU34MZVJRi/P+7Y8GDpzkEwLaGZZOpKIEmeVZNtKsrg==
  dependencies:
    "@types/istanbul-lib-coverage" "*"

"@types/istanbul-reports@^3.0.0":
  version "3.0.0"
  resolved "https://registry.yarnpkg.com/@types/istanbul-reports/-/istanbul-reports-3.0.0.tgz#508b13aa344fa4976234e75dddcc34925737d821"
  integrity sha512-nwKNbvnwJ2/mndE9ItP/zc2TCzw6uuodnF4EHYWD+gCQDVBuRQL5UzbZD0/ezy1iKsFU2ZQiDqg4M9dN4+wZgA==
  dependencies:
    "@types/istanbul-lib-report" "*"

"@types/jest@*":
  version "26.0.20"
  resolved "https://registry.yarnpkg.com/@types/jest/-/jest-26.0.20.tgz#cd2f2702ecf69e86b586e1f5223a60e454056307"
  integrity sha512-9zi2Y+5USJRxd0FsahERhBwlcvFh6D2GLQnY2FH2BzK8J9s9omvNHIbvABwIluXa0fD8XVKMLTO0aOEuUfACAA==
  dependencies:
    jest-diff "^26.0.0"
    pretty-format "^26.0.0"

"@types/js-cookie@^2.2.6":
  version "2.2.6"
  resolved "https://registry.yarnpkg.com/@types/js-cookie/-/js-cookie-2.2.6.tgz#f1a1cb35aff47bc5cfb05cb0c441ca91e914c26f"
  integrity sha512-+oY0FDTO2GYKEV0YPvSshGq9t7YozVkgvXLty7zogQNuCxBhT9/3INX9Q7H1aRZ4SUDRXAKlJuA4EA5nTt7SNw==

"@types/node@*", "@types/node@^14.14.31":
  version "14.14.31"
  resolved "https://registry.yarnpkg.com/@types/node/-/node-14.14.31.tgz#72286bd33d137aa0d152d47ec7c1762563d34055"
  integrity sha512-vFHy/ezP5qI0rFgJ7aQnjDXwAMrG0KqqIH7tQG5PPv3BWBayOPIQNBjVc/P6hhdZfMx51REc6tfDNXHUio893g==

"@types/prop-types@*":
  version "15.7.3"
  resolved "https://registry.yarnpkg.com/@types/prop-types/-/prop-types-15.7.3.tgz#2ab0d5da2e5815f94b0b9d4b95d1e5f243ab2ca7"
  integrity sha512-KfRL3PuHmqQLOG+2tGpRO26Ctg+Cq1E01D2DMriKEATHgWLfeNDmq9e29Q9WIky0dQ3NPkd1mzYH8Lm936Z9qw==

"@types/react-dom@^17.0.1":
  version "17.0.1"
  resolved "https://registry.yarnpkg.com/@types/react-dom/-/react-dom-17.0.1.tgz#d92d77d020bfb083e07cc8e0ac9f933599a4d56a"
  integrity sha512-yIVyopxQb8IDZ7SOHeTovurFq+fXiPICa+GV3gp0Xedsl+MwQlMLKmvrnEjFbQxjliH5YVAEWFh975eVNmKj7Q==
  dependencies:
    "@types/react" "*"

"@types/react@*", "@types/react@^17.0.2":
  version "17.0.2"
  resolved "https://registry.yarnpkg.com/@types/react/-/react-17.0.2.tgz#3de24c4efef902dd9795a49c75f760cbe4f7a5a8"
  integrity sha512-Xt40xQsrkdvjn1EyWe1Bc0dJLcil/9x2vAuW7ya+PuQip4UYUaXyhzWmAbwRsdMgwOFHpfp7/FFZebDU6Y8VHA==
  dependencies:
    "@types/prop-types" "*"
    csstype "^3.0.2"

"@types/testing-library__jest-dom@^5.9.1":
  version "5.9.5"
  resolved "https://registry.yarnpkg.com/@types/testing-library__jest-dom/-/testing-library__jest-dom-5.9.5.tgz#5bf25c91ad2d7b38f264b12275e5c92a66d849b0"
  integrity sha512-ggn3ws+yRbOHog9GxnXiEZ/35Mow6YtPZpd7Z5mKDeZS/o7zx3yAle0ov/wjhVB5QT4N2Dt+GNoGCdqkBGCajQ==
  dependencies:
    "@types/jest" "*"

"@types/yargs-parser@*":
  version "20.2.0"
  resolved "https://registry.yarnpkg.com/@types/yargs-parser/-/yargs-parser-20.2.0.tgz#dd3e6699ba3237f0348cd085e4698780204842f9"
  integrity sha512-37RSHht+gzzgYeobbG+KWryeAW8J33Nhr69cjTqSYymXVZEN9NbRYWoYlRtDhHKPVT1FyNKwaTPC1NynKZpzRA==

"@types/yargs@^15.0.0":
  version "15.0.13"
  resolved "https://registry.yarnpkg.com/@types/yargs/-/yargs-15.0.13.tgz#34f7fec8b389d7f3c1fd08026a5763e072d3c6dc"
  integrity sha512-kQ5JNTrbDv3Rp5X2n/iUu37IJBDU2gsZ5R/g1/KHOOEc5IKfUFjXT6DENPGduh08I/pamwtEq4oul7gUqKTQDQ==
  dependencies:
    "@types/yargs-parser" "*"

ansi-regex@^5.0.0:
  version "5.0.1"
  resolved "https://registry.yarnpkg.com/ansi-regex/-/ansi-regex-5.0.1.tgz#082cb2c89c9fe8659a311a53bd6a4dc5301db304"
  integrity sha512-quJQXlTSUGL2LH9SUXo8VwsY4soanhgo6LNSm84E1LBcE8s3O0wpdiRzyR9z/ZZJMlMWv37qOOb9pdJlMUEKFQ==

ansi-styles@^3.2.1:
  version "3.2.1"
  resolved "https://registry.yarnpkg.com/ansi-styles/-/ansi-styles-3.2.1.tgz#41fbb20243e50b12be0f04b8dedbf07520ce841d"
  integrity sha512-VT0ZI6kZRdTh8YyJw3SMbYm/u+NqfsAxEpWO0Pf9sq8/e94WxxOpPKx9FR1FlyCtOVDNOQ+8ntlqFxiRc+r5qA==
  dependencies:
    color-convert "^1.9.0"

ansi-styles@^4.0.0, ansi-styles@^4.1.0:
  version "4.3.0"
  resolved "https://registry.yarnpkg.com/ansi-styles/-/ansi-styles-4.3.0.tgz#edd803628ae71c04c85ae7a0906edad34b648937"
  integrity sha512-zbB9rCJAT1rbjiVDb2hqKFHNYLxgtk8NURxZ3IZwD3F6NtxbXZQCnnSi1Lkx+IDohdPlFp222wVALIheZJQSEg==
  dependencies:
    color-convert "^2.0.1"

aria-query@^4.2.2:
  version "4.2.2"
  resolved "https://registry.yarnpkg.com/aria-query/-/aria-query-4.2.2.tgz#0d2ca6c9aceb56b8977e9fed6aed7e15bbd2f83b"
  integrity sha512-o/HelwhuKpTj/frsOsbNLNgnNGVIFsVP/SW2BSF14gVl7kAfMOJ6/8wUAUvG1R1NHKrfG+2sHZTu0yauT1qBrA==
  dependencies:
    "@babel/runtime" "^7.10.2"
    "@babel/runtime-corejs3" "^7.10.2"

atob@^2.1.2:
  version "2.1.2"
  resolved "https://registry.yarnpkg.com/atob/-/atob-2.1.2.tgz#6d9517eb9e030d2436666651e86bd9f6f13533c9"
  integrity sha512-Wm6ukoaOGJi/73p/cl2GvLjTI5JM1k/O14isD73YML8StrH/7/lRFgmg8nICZgD3bZZvjwCGxtMOD3wWNAu8cg==

bulma@^0.7.5:
  version "0.7.5"
  resolved "https://registry.yarnpkg.com/bulma/-/bulma-0.7.5.tgz#35066c37f82c088b68f94450be758fc00a967208"
  integrity sha512-cX98TIn0I6sKba/DhW0FBjtaDpxTelU166pf7ICXpCCuplHWyu6C9LYZmL5PEsnePIeJaiorsTEzzNk3Tsm1hw==

busboy@1.6.0:
  version "1.6.0"
  resolved "https://registry.yarnpkg.com/busboy/-/busboy-1.6.0.tgz#966ea36a9502e43cdb9146962523b92f531f6893"
  integrity sha512-8SFQbg/0hQ9xy3UNTB0YEnsNBbWfhf7RtnzpL7TkBiTBRfrQ9Fxcnz7VJsleJpyp6rVLvXiuORqjlHi5q+PYuA==
  dependencies:
    streamsearch "^1.1.0"

caniuse-lite@^1.0.30001579:
  version "1.0.30001707"
  resolved "https://registry.yarnpkg.com/caniuse-lite/-/caniuse-lite-1.0.30001707.tgz#c5e104d199e6f4355a898fcd995a066c7eb9bf41"
  integrity sha512-3qtRjw/HQSMlDWf+X79N206fepf4SOOU6SQLMaq/0KkZLmSjPxAkBOQQ+FxbHKfHmYLZFfdWsO3KA90ceHPSnw==

chalk@^2.0.0:
  version "2.4.2"
  resolved "https://registry.yarnpkg.com/chalk/-/chalk-2.4.2.tgz#cd42541677a54333cf541a49108c1432b44c9424"
  integrity sha512-Mti+f9lpJNcwF4tWV8/OrTTtF1gZi+f8FqlyAdouralcFWFQWF2+NgCHShjkCb+IFBLq9buZwE1xckQU4peSuQ==
  dependencies:
    ansi-styles "^3.2.1"
    escape-string-regexp "^1.0.5"
    supports-color "^5.3.0"

chalk@^3.0.0:
  version "3.0.0"
  resolved "https://registry.yarnpkg.com/chalk/-/chalk-3.0.0.tgz#3f73c2bf526591f574cc492c51e2456349f844e4"
  integrity sha512-4D3B6Wf41KOYRFdszmDqMCGq5VV/uMAB273JILmO+3jAlh8X4qDtdtgCR3fxtbLEMzSx22QdhnDcJvu2u1fVwg==
  dependencies:
    ansi-styles "^4.1.0"
    supports-color "^7.1.0"

chalk@^4.0.0, chalk@^4.1.0:
  version "4.1.0"
  resolved "https://registry.yarnpkg.com/chalk/-/chalk-4.1.0.tgz#4e14870a618d9e2edd97dd8345fd9d9dc315646a"
  integrity sha512-qwx12AxXe2Q5xQ43Ac//I6v5aXTipYrSESdOgzrN+9XjgEpyjpKuvSGaN4qE93f7TQTlerQQ8S+EQ0EyDoVL1A==
  dependencies:
    ansi-styles "^4.1.0"
    supports-color "^7.1.0"

client-only@0.0.1:
  version "0.0.1"
  resolved "https://registry.yarnpkg.com/client-only/-/client-only-0.0.1.tgz#38bba5d403c41ab150bff64a95c85013cf73bca1"
  integrity sha512-IV3Ou0jSMzZrd3pZ48nLkT9DA7Ag1pnPzaiQhpW7c3RbcqqzvzzVu+L8gfqMp/8IM2MQtSiqaCxrrcfu8I8rMA==

color-convert@^1.9.0:
  version "1.9.3"
  resolved "https://registry.yarnpkg.com/color-convert/-/color-convert-1.9.3.tgz#bb71850690e1f136567de629d2d5471deda4c1e8"
  integrity sha512-QfAUtd+vFdAtFQcC8CCyYt1fYWxSqAiK2cSD6zDB8N3cpsEBAvRxp9zOGg6G/SHHJYAT88/az/IuDGALsNVbGg==
  dependencies:
    color-name "1.1.3"

color-convert@^2.0.1:
  version "2.0.1"
  resolved "https://registry.yarnpkg.com/color-convert/-/color-convert-2.0.1.tgz#72d3a68d598c9bdb3af2ad1e84f21d896abd4de3"
  integrity sha512-RRECPsj7iu/xb5oKYcsFHSppFNnsj/52OVTRKb4zP5onXwVF3zVmmToNcOfGC+CRDpfK/U584fMg38ZHCaElKQ==
  dependencies:
    color-name "~1.1.4"

color-name@1.1.3:
  version "1.1.3"
  resolved "https://registry.yarnpkg.com/color-name/-/color-name-1.1.3.tgz#a7d0558bd89c42f795dd42328f740831ca53bc25"
  integrity sha1-p9BVi9icQveV3UIyj3QIMcpTvCU=

color-name@~1.1.4:
  version "1.1.4"
  resolved "https://registry.yarnpkg.com/color-name/-/color-name-1.1.4.tgz#c2a09a87acbde69543de6f63fa3995c826c536a2"
  integrity sha512-dOy+3AuW3a2wNbZHIuMZpTcgjGuLU/uBL/ubcZF9OXbDo8ff4O8yVp5Bf0efS8uEoYo5q4Fx7dY9OgQGXgAsQA==

core-js-pure@^3.30.2:
  version "3.41.0"
  resolved "https://registry.yarnpkg.com/core-js-pure/-/core-js-pure-3.41.0.tgz#349fecad168d60807a31e83c99d73d786fe80811"
  integrity sha512-71Gzp96T9YPk63aUvE5Q5qP+DryB4ZloUZPSOebGM88VNw8VNfvdA7z6kGA8iGOTEzAomsRidp4jXSmUIJsL+Q==

css.escape@^1.5.1:
  version "1.5.1"
  resolved "https://registry.yarnpkg.com/css.escape/-/css.escape-1.5.1.tgz#42e27d4fa04ae32f931a4b4d4191fa9cddee97cb"
  integrity sha1-QuJ9T6BK4y+TGktNQZH6nN3ul8s=

css@^3.0.0:
  version "3.0.0"
  resolved "https://registry.yarnpkg.com/css/-/css-3.0.0.tgz#4447a4d58fdd03367c516ca9f64ae365cee4aa5d"
  integrity sha512-DG9pFfwOrzc+hawpmqX/dHYHJG+Bsdb0klhyi1sDneOgGOXy9wQIC8hzyVp1e4NRYDBdxcylvywPkkXCHAzTyQ==
  dependencies:
    inherits "^2.0.4"
    source-map "^0.6.1"
    source-map-resolve "^0.6.0"

csstype@^3.0.2:
  version "3.0.7"
  resolved "https://registry.yarnpkg.com/csstype/-/csstype-3.0.7.tgz#2a5fb75e1015e84dd15692f71e89a1450290950b"
  integrity sha512-KxnUB0ZMlnUWCsx2Z8MUsr6qV6ja1w9ArPErJaJaF8a5SOWoHLIszeCTKGRGRgtLgYrs1E8CHkNSP1VZTTPc9g==

decode-uri-component@^0.2.0:
  version "0.2.2"
  resolved "https://registry.yarnpkg.com/decode-uri-component/-/decode-uri-component-0.2.2.tgz#e69dbe25d37941171dd540e024c444cd5188e1e9"
  integrity sha512-FqUYQ+8o158GyGTrMFJms9qh3CqTKvAqgqsTnkLI8sKu0028orqBhxNMFkFen0zGyg6epACD32pjVk58ngIErQ==

diff-sequences@^26.6.2:
  version "26.6.2"
  resolved "https://registry.yarnpkg.com/diff-sequences/-/diff-sequences-26.6.2.tgz#48ba99157de1923412eed41db6b6d4aa9ca7c0b1"
  integrity sha512-Mv/TDa3nZ9sbc5soK+OoA74BsS3mL37yixCvUAQkiuA4Wz6YtwP/K47n2rv2ovzHZvoiQeA5FTQOschKkEwB0Q==

dom-accessibility-api@^0.5.4:
  version "0.5.4"
  resolved "https://registry.yarnpkg.com/dom-accessibility-api/-/dom-accessibility-api-0.5.4.tgz#b06d059cdd4a4ad9a79275f9d414a5c126241166"
  integrity sha512-TvrjBckDy2c6v6RLxPv5QXOnU+SmF9nBII5621Ve5fu6Z/BDrENurBEvlC1f44lKEUVqOpK4w9E5Idc5/EgkLQ==

escape-string-regexp@^1.0.5:
  version "1.0.5"
  resolved "https://registry.yarnpkg.com/escape-string-regexp/-/escape-string-regexp-1.0.5.tgz#1b61c0562190a8dff6ae3bb2cf0200ca130b86d4"
  integrity sha1-G2HAViGQqN/2rjuyzwIAyhMLhtQ=

graceful-fs@^4.2.11:
  version "4.2.11"
  resolved "https://registry.yarnpkg.com/graceful-fs/-/graceful-fs-4.2.11.tgz#4183e4e8bf08bb6e05bbb2f7d2e0c8f712ca40e3"
  integrity sha512-RbJ5/jmFcNNCcDV5o9eTnBLJ/HszWV0P73bc+Ff4nS/rJj+YaS6IGyiOL0VoBYX+l1Wrl3k63h/KrH+nhJ0XvQ==

has-flag@^3.0.0:
  version "3.0.0"
  resolved "https://registry.yarnpkg.com/has-flag/-/has-flag-3.0.0.tgz#b5d454dc2199ae225699f3467e5a07f3b955bafd"
  integrity sha1-tdRU3CGZriJWmfNGfloH87lVuv0=

has-flag@^4.0.0:
  version "4.0.0"
  resolved "https://registry.yarnpkg.com/has-flag/-/has-flag-4.0.0.tgz#944771fd9c81c81265c4d6941860da06bb59479b"
  integrity sha512-EykJT/Q1KjTWctppgIAgfSO0tKVuZUjhgMr17kqTumMl6Afv3EISleU7qZUzoXDFTAHTDC4NOoG/ZxU3EvlMPQ==

indent-string@^4.0.0:
  version "4.0.0"
  resolved "https://registry.yarnpkg.com/indent-string/-/indent-string-4.0.0.tgz#624f8f4497d619b2d9768531d58f4122854d7251"
  integrity sha512-EdDDZu4A2OyIK7Lr/2zG+w5jmbuk1DVBnEwREQvBzspBJkCEbRa8GxU1lghYcaGJCnRWibjDXlq779X1/y5xwg==

inherits@^2.0.4:
  version "2.0.4"
  resolved "https://registry.yarnpkg.com/inherits/-/inherits-2.0.4.tgz#0fa2c64f932917c3433a0ded55363aae37416b7c"
  integrity sha512-k/vGaX4/Yla3WzyMCvTQOXYeIHvqOKtnqBduzTHpzpQZzAskKMhZ2K+EnBiSM9zGSoIFeMpXKxa4dYeZIQqewQ==

jest-diff@^26.0.0:
  version "26.6.2"
  resolved "https://registry.yarnpkg.com/jest-diff/-/jest-diff-26.6.2.tgz#1aa7468b52c3a68d7d5c5fdcdfcd5e49bd164394"
  integrity sha512-6m+9Z3Gv9wN0WFVasqjCL/06+EFCMTqDEUl/b87HYK2rAPTyfz4ZIuSlPhY51PIQRWx5TaxeF1qmXKe9gfN3sA==
  dependencies:
    chalk "^4.0.0"
    diff-sequences "^26.6.2"
    jest-get-type "^26.3.0"
    pretty-format "^26.6.2"

jest-get-type@^26.3.0:
  version "26.3.0"
  resolved "https://registry.yarnpkg.com/jest-get-type/-/jest-get-type-26.3.0.tgz#e97dc3c3f53c2b406ca7afaed4493b1d099199e0"
  integrity sha512-TpfaviN1R2pQWkIihlfEanwOXK0zcxrKEE4MlU6Tn7keoXdN6/3gK/xl0yEh8DOunn5pOVGKf8hB4R9gVh04ig==

js-cookie@^2.2.1:
  version "2.2.1"
  resolved "https://registry.yarnpkg.com/js-cookie/-/js-cookie-2.2.1.tgz#69e106dc5d5806894562902aa5baec3744e9b2b8"
  integrity sha512-HvdH2LzI/EAZcUwA8+0nKNtWHqS+ZmijLA30RwZA0bo7ToCckjK5MkGhjED9KoRcXO6BaGI3I9UIzSA1FKFPOQ==

"js-tokens@^3.0.0 || ^4.0.0", js-tokens@^4.0.0:
  version "4.0.0"
  resolved "https://registry.yarnpkg.com/js-tokens/-/js-tokens-4.0.0.tgz#19203fb59991df98e3a287050d4647cdeaf32499"
  integrity sha512-RdJUflcE3cUzKiMqQgsCu06FPu9UdIJO0beYbPhHN4k6apgJtifcoCtT9bcxOpYBtpD2kCM6Sbzg4CausW/PKQ==

lodash@^4.17.15:
  version "4.17.21"
  resolved "https://registry.yarnpkg.com/lodash/-/lodash-4.17.21.tgz#679591c564c3bffaae8454cf0b3df370c3d6911c"
  integrity sha512-v2kDEe57lecTulaDIuNTPy3Ry4gLGJ6Z1O3vE1krgXZNrsQ+LFTGHVxVjcXPs17LhbZVGedAJv8XZ1tvj5FvSg==

loose-envify@^1.1.0:
  version "1.4.0"
  resolved "https://registry.yarnpkg.com/loose-envify/-/loose-envify-1.4.0.tgz#71ee51fa7be4caec1a63839f7e682d8132d30caf"
  integrity sha512-lyuxPGr/Wfhrlem2CL/UcnUc1zcqKAImBDzukY7Y5F/yQiNdko6+fRLevlw1HgMySw7f611UIY408EtxRSoK3Q==
  dependencies:
    js-tokens "^3.0.0 || ^4.0.0"

lz-string@^1.4.4:
  version "1.4.4"
  resolved "https://registry.yarnpkg.com/lz-string/-/lz-string-1.4.4.tgz#c0d8eaf36059f705796e1e344811cf4c498d3a26"
  integrity sha1-wNjq82BZ9wV5bh40SBHPTEmNOiY=

min-indent@^1.0.0:
  version "1.0.1"
  resolved "https://registry.yarnpkg.com/min-indent/-/min-indent-1.0.1.tgz#a63f681673b30571fbe8bc25686ae746eefa9869"
  integrity sha512-I9jwMn07Sy/IwOj3zVkVik2JTvgpaykDZEigL6Rx6N9LbMywwUSMtxET+7lVoDLLd3O3IXwJwvuuns8UB/HeAg==

nanoid@^3.3.6:
  version "3.3.11"
  resolved "https://registry.yarnpkg.com/nanoid/-/nanoid-3.3.11.tgz#4f4f112cefbe303202f2199838128936266d185b"
  integrity sha512-N8SpfPUnUp1bK+PMYW8qSWdl9U+wwNWI4QKxOYDy9JAro3WMX7p2OeVRF9v+347pnakNevPmiHhNmZ2HbFA76w==

next@14.2.26:
  version "14.2.26"
  resolved "https://registry.yarnpkg.com/next/-/next-14.2.26.tgz#b918b3fc5c55e1a67aada1347907675713687721"
  integrity sha512-b81XSLihMwCfwiUVRRja3LphLo4uBBMZEzBBWMaISbKTwOmq3wPknIETy/8000tr7Gq4WmbuFYPS7jOYIf+ZJw==
  dependencies:
    "@next/env" "14.2.26"
    "@swc/helpers" "0.5.5"
    busboy "1.6.0"
    caniuse-lite "^1.0.30001579"
    graceful-fs "^4.2.11"
    postcss "8.4.31"
    styled-jsx "5.1.1"
  optionalDependencies:
    "@next/swc-darwin-arm64" "14.2.26"
    "@next/swc-darwin-x64" "14.2.26"
    "@next/swc-linux-arm64-gnu" "14.2.26"
    "@next/swc-linux-arm64-musl" "14.2.26"
    "@next/swc-linux-x64-gnu" "14.2.26"
    "@next/swc-linux-x64-musl" "14.2.26"
    "@next/swc-win32-arm64-msvc" "14.2.26"
    "@next/swc-win32-ia32-msvc" "14.2.26"
    "@next/swc-win32-x64-msvc" "14.2.26"

object-assign@^4.1.1:
  version "4.1.1"
  resolved "https://registry.yarnpkg.com/object-assign/-/object-assign-4.1.1.tgz#2109adc7965887cfc05cbbd442cac8bfbb360863"
  integrity sha1-IQmtx5ZYh8/AXLvUQsrIv7s2CGM=

picocolors@^1.0.0:
  version "1.0.0"
  resolved "https://registry.yarnpkg.com/picocolors/-/picocolors-1.0.0.tgz#cb5bdc74ff3f51892236eaf79d68bc44564ab81c"
  integrity sha512-1fygroTLlHu66zi26VoTDv8yRgm0Fccecssto+MhsZ0D/DGW2sm8E8AjW7NU5VVTRt5GxbeZ5qBuJr+HyLYkjQ==

postcss@8.4.31:
  version "8.4.31"
  resolved "https://registry.yarnpkg.com/postcss/-/postcss-8.4.31.tgz#92b451050a9f914da6755af352bdc0192508656d"
  integrity sha512-PS08Iboia9mts/2ygV3eLpY5ghnUcfLV/EXTOW1E2qYxJKGGBUtNjN76FYHnMs36RmARn41bC0AZmn+rR0OVpQ==
  dependencies:
    nanoid "^3.3.6"
    picocolors "^1.0.0"
    source-map-js "^1.0.2"

pretty-format@^26.0.0, pretty-format@^26.6.2:
  version "26.6.2"
  resolved "https://registry.yarnpkg.com/pretty-format/-/pretty-format-26.6.2.tgz#e35c2705f14cb7fe2fe94fa078345b444120fc93"
  integrity sha512-7AeGuCYNGmycyQbCqd/3PWH4eOoX/OiCa0uphp57NVTeAGdJGaAliecxwBDHYQCIvrW7aDBZCYeNTP/WX69mkg==
  dependencies:
    "@jest/types" "^26.6.2"
    ansi-regex "^5.0.0"
    ansi-styles "^4.0.0"
    react-is "^17.0.1"

react-dom@17.0.1:
  version "17.0.1"
  resolved "https://registry.yarnpkg.com/react-dom/-/react-dom-17.0.1.tgz#1de2560474ec9f0e334285662ede52dbc5426fc6"
  integrity sha512-6eV150oJZ9U2t9svnsspTMrWNyHc6chX0KzDeAOXftRa8bNeOKTTfCJ7KorIwenkHd2xqVTBTCZd79yk/lx/Ug==
  dependencies:
    loose-envify "^1.1.0"
    object-assign "^4.1.1"
    scheduler "^0.20.1"

react-icon-library@^0.1.45:
  version "0.1.45"
  resolved "https://registry.yarnpkg.com/react-icon-library/-/react-icon-library-0.1.45.tgz#e82c4ca7b6d8804ce7a8a8685284a0131bdd68b6"
  integrity sha512-pMOORRZl8K1QKfIJhkBNgBaqbhRvRoTYXZo48tAHdr1lOHJsmGyPBVQJvFjRJVJlRK8SnpzHqUa2Dz1/VF18iw==
  dependencies:
    "@testing-library/jest-dom" "^5.5.0"
    "@testing-library/react" "^10.0.2"
    bulma "^0.7.5"

react-icons@^4.2.0:
  version "4.2.0"
  resolved "https://registry.yarnpkg.com/react-icons/-/react-icons-4.2.0.tgz#6dda80c8a8f338ff96a1851424d63083282630d0"
  integrity sha512-rmzEDFt+AVXRzD7zDE21gcxyBizD/3NqjbX6cmViAgdqfJ2UiLer8927/QhhrXQV7dEj/1EGuOTPp7JnLYVJKQ==

react-is@^17.0.1:
  version "17.0.2"
  resolved "https://registry.yarnpkg.com/react-is/-/react-is-17.0.2.tgz#e691d4a8e9c789365655539ab372762b0efb54f0"
  integrity sha512-w2GsyukL62IJnlaff/nRegPQR94C/XXamvMWmSHRJ4y7Ts/4ocGRmTHvOs8PSE6pB3dWOrD/nueuU5sduBsQ4w==

react@17.0.1:
  version "17.0.1"
  resolved "https://registry.yarnpkg.com/react/-/react-17.0.1.tgz#6e0600416bd57574e3f86d92edba3d9008726127"
  integrity sha512-lG9c9UuMHdcAexXtigOZLX8exLWkW0Ku29qPRU8uhF2R9BN96dLCt0psvzPLlHc5OWkgymP3qwTRgbnw5BKx3w==
  dependencies:
    loose-envify "^1.1.0"
    object-assign "^4.1.1"

redent@^3.0.0:
  version "3.0.0"
  resolved "https://registry.yarnpkg.com/redent/-/redent-3.0.0.tgz#e557b7998316bb53c9f1f56fa626352c6963059f"
  integrity sha512-6tDA8g98We0zd0GvVeMT9arEOnTw9qM03L9cJXaCjrip1OO764RDBLBfrB4cwzNGDj5OA5ioymC9GkizgWJDUg==
  dependencies:
    indent-string "^4.0.0"
    strip-indent "^3.0.0"

regenerator-runtime@^0.14.0:
  version "0.14.1"
  resolved "https://registry.yarnpkg.com/regenerator-runtime/-/regenerator-runtime-0.14.1.tgz#356ade10263f685dda125100cd862c1db895327f"
  integrity sha512-dYnhHh0nJoMfnkZs6GmmhFknAGRrLznOu5nc9ML+EJxGvrx6H7teuevqVqCuPcPK//3eDrrjQhehXVx9cnkGdw==

scheduler@^0.20.1:
  version "0.20.1"
  resolved "https://registry.yarnpkg.com/scheduler/-/scheduler-0.20.1.tgz#da0b907e24026b01181ecbc75efdc7f27b5a000c"
  integrity sha512-LKTe+2xNJBNxu/QhHvDR14wUXHRQbVY5ZOYpOGWRzhydZUqrLb2JBvLPY7cAqFmqrWuDED0Mjk7013SZiOz6Bw==
  dependencies:
    loose-envify "^1.1.0"
    object-assign "^4.1.1"

source-map-js@^1.0.2:
  version "1.2.1"
  resolved "https://registry.yarnpkg.com/source-map-js/-/source-map-js-1.2.1.tgz#1ce5650fddd87abc099eda37dcff024c2667ae46"
  integrity sha512-UXWMKhLOwVKb728IUtQPXxfYU+usdybtUrK/8uGE8CQMvrhOpwvzDBwj0QhSL7MQc7vIsISBG8VQ8+IDQxpfQA==

source-map-resolve@^0.6.0:
  version "0.6.0"
  resolved "https://registry.yarnpkg.com/source-map-resolve/-/source-map-resolve-0.6.0.tgz#3d9df87e236b53f16d01e58150fc7711138e5ed2"
  integrity sha512-KXBr9d/fO/bWo97NXsPIAW1bFSBOuCnjbNTBMO7N59hsv5i9yzRDfcYwwt0l04+VqnKC+EwzvJZIP/qkuMgR/w==
  dependencies:
    atob "^2.1.2"
    decode-uri-component "^0.2.0"

source-map@^0.6.1:
  version "0.6.1"
  resolved "https://registry.yarnpkg.com/source-map/-/source-map-0.6.1.tgz#74722af32e9614e9c287a8d0bbde48b5e2f1a263"
  integrity sha512-UjgapumWlbMhkBgzT7Ykc5YXUT46F0iKu8SGXq0bcwP5dz/h0Plj6enJqjz1Zbq2l5WaqYnrVbwWOWMyF3F47g==

streamsearch@^1.1.0:
  version "1.1.0"
  resolved "https://registry.yarnpkg.com/streamsearch/-/streamsearch-1.1.0.tgz#404dd1e2247ca94af554e841a8ef0eaa238da764"
  integrity sha512-Mcc5wHehp9aXz1ax6bZUyY5afg9u2rv5cqQI3mRrYkGC8rW2hM02jWuwjtL++LS5qinSyhj2QfLyNsuc+VsExg==

strip-indent@^3.0.0:
  version "3.0.0"
  resolved "https://registry.yarnpkg.com/strip-indent/-/strip-indent-3.0.0.tgz#c32e1cee940b6b3432c771bc2c54bcce73cd3001"
  integrity sha512-laJTa3Jb+VQpaC6DseHhF7dXVqHTfJPCRDaEbid/drOhgitgYku/letMUqOXFoWV0zIIUbjpdH2t+tYj4bQMRQ==
  dependencies:
    min-indent "^1.0.0"

styled-jsx@5.1.1:
  version "5.1.1"
  resolved "https://registry.yarnpkg.com/styled-jsx/-/styled-jsx-5.1.1.tgz#839a1c3aaacc4e735fed0781b8619ea5d0009d1f"
  integrity sha512-pW7uC1l4mBZ8ugbiZrcIsiIvVx1UmTfw7UkC3Um2tmfUq9Bhk8IiyEIPl6F8agHgjzku6j0xQEZbfA5uSgSaCw==
  dependencies:
    client-only "0.0.1"

supports-color@^5.3.0:
  version "5.5.0"
  resolved "https://registry.yarnpkg.com/supports-color/-/supports-color-5.5.0.tgz#e2e69a44ac8772f78a1ec0b35b689df6530efc8f"
  integrity sha512-QjVjwdXIt408MIiAqCX4oUKsgU2EqAGzs2Ppkm4aQYbjm+ZEWEcW4SfFNTr4uMNZma0ey4f5lgLrkB0aX0QMow==
  dependencies:
    has-flag "^3.0.0"

supports-color@^7.1.0:
  version "7.2.0"
  resolved "https://registry.yarnpkg.com/supports-color/-/supports-color-7.2.0.tgz#1b7dcdcb32b8138801b3e478ba6a51caa89648da"
  integrity sha512-qpCAvRl9stuOHveKsn7HncJRvv501qIacKzQlO/+Lwxc9+0q2wLyv4Dfvt80/DPn2pqOBsJdDiogXGR9+OvwRw==
  dependencies:
    has-flag "^4.0.0"

tslib@^2.4.0:
  version "2.8.1"
  resolved "https://registry.yarnpkg.com/tslib/-/tslib-2.8.1.tgz#612efe4ed235d567e8aba5f2a5fab70280ade83f"
  integrity sha512-oJFu94HQb+KVduSUQL7wnpmqnfmLsOA/nAh6b6EH0wCEoK0/mPeXU6c3wKDV83MkOuHPRHtSXKKU99IBazS/2w==

typescript@^4.2.2:
  version "4.2.2"
  resolved "https://registry.yarnpkg.com/typescript/-/typescript-4.2.2.tgz#1450f020618f872db0ea17317d16d8da8ddb8c4c"
  integrity sha512-tbb+NVrLfnsJy3M59lsDgrzWIflR4d4TIUjz+heUnHZwdF7YsrMTKoRERiIvI2lvBG95dfpLxB21WZhys1bgaQ==
